
Microsoft Visual Studio Solution File, Format Version 12.00
# Visual Studio Version 16
VisualStudioVersion = 16.0.33328.57
MinimumVisualStudioVersion = 10.0.40219.1
Project("{FAE04EC0-301F-11D3-BF4B-00C04F79EFBC}") = "WorkApp", "WorkApp\WorkApp.csproj", "{EF7E9827-20F8-4DC4-88A2-82D34E000C34}"
EndProject
Global
	GlobalSection(SolutionConfigurationPlatforms) = preSolution
		Debug|Any CPU = Debug|Any CPU
		Release|Any CPU = Release|Any CPU
	EndGlobalSection
	GlobalSection(ProjectConfigurationPlatforms) = postSolution
		{EF7E9827-20F8-4DC4-88A2-82D34E000C34}.Debug|Any CPU.ActiveCfg = Debug|Any CPU
		{EF7E9827-20F8-4DC4-88A2-82D34E000C34}.Debug|Any CPU.Build.0 = Debug|Any CPU
		{EF7E9827-20F8-4DC4-88A2-82D34E000C34}.Release|Any CPU.ActiveCfg = Release|Any CPU
		{EF7E9827-20F8-4DC4-88A2-82D34E000C34}.Release|Any CPU.Build.0 = Release|Any CPU
	EndGlobalSection
	GlobalSection(SolutionProperties) = preSolution
		HideSolutionNode = FALSE
	EndGlobalSection
	GlobalSection(ExtensibilityGlobals) = postSolution
		SolutionGuid = {8E2CFB4A-5EF6-4616-8B51-A427D226D1A4}
	EndGlobalSection
EndGlobal
